<?xml version="1.0" encoding="utf-8"?>
<Project ToolsVersion="4.0" xmlns="http://schemas.microsoft.com/developer/msbuild/2003">
  <ItemGroup>
    <Filter Include="src">
      <UniqueIdentifier>{b692e8a9-0a59-4e3c-aa9d-d6bb1a1813cf}</UniqueIdentifier>
    </Filter>
  </ItemGroup>
  <ItemGroup>
    <ClCompile Include="..\..\..\..\src\ui\fontbuilder.cc">
      <Filter>src</Filter>
    </ClCompile>
    <ClCompile Include="..\..\..\..\src\sys\savedata.cc">
      <Filter>src</Filter>
    </ClCompile>
    <ClCompile Include="..\..\..\..\src\ui\sprite.cc">
      <Filter>src</Filter>
    </ClCompile>
    <ClCompile Include="..\..\..\..\src\sys\mainloop.cc">
      <Filter>src</Filter>
    </ClCompile>
    <ClCompile Include="..\..\..\..\src\ui\texture_font.cc">
      <Filter>src</Filter>
    </ClCompile>
  </ItemGroup>
  <ItemGroup>
    <ClInclude Include="..\..\..\..\src\ui\fontbuilder.h">
      <Filter>src</Filter>
    </ClInclude>
    <ClInclude Include="..\..\..\..\src\ui\mouse_event.h">
      <Filter>src</Filter>
    </ClInclude>
    <ClInclude Include="..\..\..\..\src\sys\savedata.h">
      <Filter>src</Filter>
    </ClInclude>
    <ClInclude Include="..\..\..\..\src\engine_header.h">
      <Filter>src</Filter>
    </ClInclude>
    <ClInclude Include="..\..\..\..\src\ui\sprite.h">
      <Filter>src</Filter>
    </ClInclude>
    <ClInclude Include="..\..\..\..\src\sys\mainloop.h">
      <Filter>src</Filter>
    </ClInclude>
    <ClInclude Include="..\..\..\..\src\sys\scene.h">
      <Filter>src</Filter>
    </ClInclude>
    <ClInclude Include="..\..\..\..\src\ui\texture_font.h">
      <Filter>src</Filter>
    </ClInclude>
  </ItemGroup>
</Project>